
Microsoft Visual Studio Solution File, Format Version 12.00
# Visual Studio 2017
Project("{FAE04EC0-301F-11D3-BF4B-00C04F79EFBC}") = "CityInfo", "CityInfo.csproj", "{A7FEC900-F0F8-418F-B69D-CE1B67E00101}"
EndProject
Global
	GlobalSection(SolutionConfigurationPlatforms) = preSolution
		Debug|Any CPU = Debug|Any CPU
		Release|Any CPU = Release|Any CPU
	EndGlobalSection
	GlobalSection(ProjectConfigurationPlatforms) = postSolution
		{A7FEC900-F0F8-418F-B69D-CE1B67E00101}.Debug|Any CPU.ActiveCfg = Debug|Any CPU
		{A7FEC900-F0F8-418F-B69D-CE1B67E00101}.Debug|Any CPU.Build.0 = Debug|Any CPU
		{A7FEC900-F0F8-418F-B69D-CE1B67E00101}.Release|Any CPU.ActiveCfg = Release|Any CPU
		{A7FEC900-F0F8-418F-B69D-CE1B67E00101}.Release|Any CPU.Build.0 = Release|Any CPU
	EndGlobalSection
EndGlobal
